
Microsoft Visual Studio Solution File, Format Version 12.00
# Visual Studio 2013
VisualStudioVersion = 12.0.30723.0
MinimumVisualStudioVersion = 10.0.40219.1
Project("{2150E333-8FDC-42A3-9474-1A3956D46DE8}") = "WinRT.Flyouts", "WinRT.Flyouts", "{6D37F9BE-976D-4644-A605-5568859AD1CA}"
EndProject
Project("{D954291E-2A0B-460D-934E-DC6B0785DB48}") = "WinRT.Flyouts.Shared", "WinRT.Flyouts\WinRT.Flyouts.Shared\WinRT.Flyouts.Shared.shproj", "{61ADDDD7-89CF-4C0B-98C4-FB3C3BAE041C}"
EndProject
Project("{FAE04EC0-301F-11D3-BF4B-00C04F79EFBC}") = "WinRT.Flyouts.Windows", "WinRT.Flyouts\WinRT.Flyouts.Windows\WinRT.Flyouts.Windows.csproj", "{4472B25E-C316-41A3-9BAF-24DF149ED009}"
EndProject
Project("{FAE04EC0-301F-11D3-BF4B-00C04F79EFBC}") = "WinRT.Flyouts.WindowsPhone", "WinRT.Flyouts\WinRT.Flyouts.WindowsPhone\WinRT.Flyouts.WindowsPhone.csproj", "{2C0289BD-BB97-487F-A373-2CBE5B4B901B}"
EndProject
Global
	GlobalSection(SharedMSBuildProjectFiles) = preSolution
		WinRT.Flyouts\WinRT.Flyouts.Shared\WinRT.Flyouts.Shared.projitems*{4472b25e-c316-41a3-9baf-24df149ed009}*SharedItemsImports = 4
		WinRT.Flyouts\WinRT.Flyouts.Shared\WinRT.Flyouts.Shared.projitems*{2c0289bd-bb97-487f-a373-2cbe5b4b901b}*SharedItemsImports = 4
		WinRT.Flyouts\WinRT.Flyouts.Shared\WinRT.Flyouts.Shared.projitems*{61adddd7-89cf-4c0b-98c4-fb3c3bae041c}*SharedItemsImports = 13
	EndGlobalSection
	GlobalSection(SolutionConfigurationPlatforms) = preSolution
		Debug|Any CPU = Debug|Any CPU
		Debug|ARM = Debug|ARM
		Debug|x64 = Debug|x64
		Debug|x86 = Debug|x86
		Release|Any CPU = Release|Any CPU
		Release|ARM = Release|ARM
		Release|x64 = Release|x64
		Release|x86 = Release|x86
	EndGlobalSection
	GlobalSection(ProjectConfigurationPlatforms) = postSolution
		{4472B25E-C316-41A3-9BAF-24DF149ED009}.Debug|Any CPU.ActiveCfg = Debug|Any CPU
		{4472B25E-C316-41A3-9BAF-24DF149ED009}.Debug|Any CPU.Build.0 = Debug|Any CPU
		{4472B25E-C316-41A3-9BAF-24DF149ED009}.Debug|Any CPU.Deploy.0 = Debug|Any CPU
		{4472B25E-C316-41A3-9BAF-24DF149ED009}.Debug|ARM.ActiveCfg = Debug|ARM
		{4472B25E-C316-41A3-9BAF-24DF149ED009}.Debug|ARM.Build.0 = Debug|ARM
		{4472B25E-C316-41A3-9BAF-24DF149ED009}.Debug|ARM.Deploy.0 = Debug|ARM
		{4472B25E-C316-41A3-9BAF-24DF149ED009}.Debug|x64.ActiveCfg = Debug|x64
		{4472B25E-C316-41A3-9BAF-24DF149ED009}.Debug|x64.Build.0 = Debug|x64
		{4472B25E-C316-41A3-9BAF-24DF149ED009}.Debug|x64.Deploy.0 = Debug|x64
		{4472B25E-C316-41A3-9BAF-24DF149ED009}.Debug|x86.ActiveCfg = Debug|x86
		{4472B25E-C316-41A3-9BAF-24DF149ED009}.Debug|x86.Build.0 = Debug|x86
		{4472B25E-C316-41A3-9BAF-24DF149ED009}.Debug|x86.Deploy.0 = Debug|x86
		{4472B25E-C316-41A3-9BAF-24DF149ED009}.Release|Any CPU.ActiveCfg = Release|Any CPU
		{4472B25E-C316-41A3-9BAF-24DF149ED009}.Release|Any CPU.Build.0 = Release|Any CPU
		{4472B25E-C316-41A3-9BAF-24DF149ED009}.Release|Any CPU.Deploy.0 = Release|Any CPU
		{4472B25E-C316-41A3-9BAF-24DF149ED009}.Release|ARM.ActiveCfg = Release|ARM
		{4472B25E-C316-41A3-9BAF-24DF149ED009}.Release|ARM.Build.0 = Release|ARM
		{4472B25E-C316-41A3-9BAF-24DF149ED009}.Release|ARM.Deploy.0 = Release|ARM
		{4472B25E-C316-41A3-9BAF-24DF149ED009}.Release|x64.ActiveCfg = Release|x64
		{4472B25E-C316-41A3-9BAF-24DF149ED009}.Release|x64.Build.0 = Release|x64
		{4472B25E-C316-41A3-9BAF-24DF149ED009}.Release|x64.Deploy.0 = Release|x64
		{4472B25E-C316-41A3-9BAF-24DF149ED009}.Release|x86.ActiveCfg = Release|x86
		{4472B25E-C316-41A3-9BAF-24DF149ED009}.Release|x86.Build.0 = Release|x86
		{4472B25E-C316-41A3-9BAF-24DF149ED009}.Release|x86.Deploy.0 = Release|x86
		{2C0289BD-BB97-487F-A373-2CBE5B4B901B}.Debug|Any CPU.ActiveCfg = Debug|Any CPU
		{2C0289BD-BB97-487F-A373-2CBE5B4B901B}.Debug|Any CPU.Build.0 = Debug|Any CPU
		{2C0289BD-BB97-487F-A373-2CBE5B4B901B}.Debug|Any CPU.Deploy.0 = Debug|Any CPU
		{2C0289BD-BB97-487F-A373-2CBE5B4B901B}.Debug|ARM.ActiveCfg = Debug|ARM
		{2C0289BD-BB97-487F-A373-2CBE5B4B901B}.Debug|ARM.Build.0 = Debug|ARM
		{2C0289BD-BB97-487F-A373-2CBE5B4B901B}.Debug|ARM.Deploy.0 = Debug|ARM
		{2C0289BD-BB97-487F-A373-2CBE5B4B901B}.Debug|x64.ActiveCfg = Debug|Any CPU
		{2C0289BD-BB97-487F-A373-2CBE5B4B901B}.Debug|x86.ActiveCfg = Debug|x86
		{2C0289BD-BB97-487F-A373-2CBE5B4B901B}.Debug|x86.Build.0 = Debug|x86
		{2C0289BD-BB97-487F-A373-2CBE5B4B901B}.Debug|x86.Deploy.0 = Debug|x86
		{2C0289BD-BB97-487F-A373-2CBE5B4B901B}.Release|Any CPU.ActiveCfg = Release|Any CPU
		{2C0289BD-BB97-487F-A373-2CBE5B4B901B}.Release|Any CPU.Build.0 = Release|Any CPU
		{2C0289BD-BB97-487F-A373-2CBE5B4B901B}.Release|Any CPU.Deploy.0 = Release|Any CPU
		{2C0289BD-BB97-487F-A373-2CBE5B4B901B}.Release|ARM.ActiveCfg = Release|ARM
		{2C0289BD-BB97-487F-A373-2CBE5B4B901B}.Release|ARM.Build.0 = Release|ARM
		{2C0289BD-BB97-487F-A373-2CBE5B4B901B}.Release|ARM.Deploy.0 = Release|ARM
		{2C0289BD-BB97-487F-A373-2CBE5B4B901B}.Release|x64.ActiveCfg = Release|Any CPU
		{2C0289BD-BB97-487F-A373-2CBE5B4B901B}.Release|x86.ActiveCfg = Release|x86
		{2C0289BD-BB97-487F-A373-2CBE5B4B901B}.Release|x86.Build.0 = Release|x86
		{2C0289BD-BB97-487F-A373-2CBE5B4B901B}.Release|x86.Deploy.0 = Release|x86
	EndGlobalSection
	GlobalSection(SolutionProperties) = preSolution
		HideSolutionNode = FALSE
	EndGlobalSection
	GlobalSection(NestedProjects) = preSolution
		{61ADDDD7-89CF-4C0B-98C4-FB3C3BAE041C} = {6D37F9BE-976D-4644-A605-5568859AD1CA}
		{4472B25E-C316-41A3-9BAF-24DF149ED009} = {6D37F9BE-976D-4644-A605-5568859AD1CA}
		{2C0289BD-BB97-487F-A373-2CBE5B4B901B} = {6D37F9BE-976D-4644-A605-5568859AD1CA}
	EndGlobalSection
EndGlobal
